
Microsoft Visual Studio Solution File, Format Version 12.00
# Visual Studio Version 17
VisualStudioVersion = 17.0.31903.59
MinimumVisualStudioVersion = 10.0.40219.1
Project("{2150E333-8FDC-42A3-9474-1A3956D46DE8}") = "src", "src", "{4169665E-700D-436B-BCD9-A70F9E319BF6}"
EndProject
Project("{FAE04EC0-301F-11D3-BF4B-00C04F79EFBC}") = "Eto.SkiaSharp", "src\Eto.SkiaSharp\Eto.SkiaSharp.csproj", "{FD8D29B1-0641-43DC-A6A5-DFC00C962985}"
EndProject
Project("{FAE04EC0-301F-11D3-BF4B-00C04F79EFBC}") = "Eto.SkiaSharp.Gtk", "src\Eto.SkiaSharp.Gtk\Eto.SkiaSharp.Gtk.csproj", "{0BFDC652-73C9-4C44-9FCD-E76FACA1968F}"
EndProject
Project("{FAE04EC0-301F-11D3-BF4B-00C04F79EFBC}") = "Eto.SkiaSharp.macOS", "src\Eto.SkiaSharp.Mac\Eto.SkiaSharp.macOS.csproj", "{EA6B058B-E299-45D7-B188-4DD077EEC5C0}"
EndProject
Project("{FAE04EC0-301F-11D3-BF4B-00C04F79EFBC}") = "Eto.SkiaSharp.Wpf", "src\Eto.SkiaSharp.Wpf\Eto.SkiaSharp.Wpf.csproj", "{84C5C59E-A037-4F37-B717-5AFB656ACADC}"
EndProject
Project("{2150E333-8FDC-42A3-9474-1A3956D46DE8}") = "test", "test", "{31436444-E193-4C53-87FC-4E927AC9B526}"
EndProject
Project("{FAE04EC0-301F-11D3-BF4B-00C04F79EFBC}") = "TestEtoSkiaSharp", "test\TestEtoSkiaSharp\TestEtoSkiaSharp.csproj", "{0ACDF831-E0D8-4F1A-A3A7-7B5BF943E0FC}"
EndProject
Project("{FAE04EC0-301F-11D3-BF4B-00C04F79EFBC}") = "TestEtoSkiaSharp.macOS", "test\TestEtoSkiaSharp.Mac\TestEtoSkiaSharp.macOS.csproj", "{C7D9211C-DBE6-4E1D-9046-88080A78990D}"
EndProject
Project("{FAE04EC0-301F-11D3-BF4B-00C04F79EFBC}") = "TestEtoSkiaSharp.Wpf", "test\TestEtoSkiaSharp.Wpf\TestEtoSkiaSharp.Wpf.csproj", "{E291AA9D-D707-40F3-ADB5-219CCF8E4EC3}"
EndProject
Project("{FAE04EC0-301F-11D3-BF4B-00C04F79EFBC}") = "Eto.SkiaSharp.WinForms", "src\Eto.SkiaSharp.WinForms\Eto.SkiaSharp.WinForms.csproj", "{76ED01C7-1B1E-4D1B-9D8D-A7CCD5F80271}"
EndProject
Project("{FAE04EC0-301F-11D3-BF4B-00C04F79EFBC}") = "TestEtoSkiaSharp.WinForms", "test\TestEtoSkiaSharp.WinForms\TestEtoSkiaSharp.WinForms.csproj", "{7FBD5F3D-7239-4943-9A60-8FFDB66D0E9E}"
EndProject
Project("{FAE04EC0-301F-11D3-BF4B-00C04F79EFBC}") = "TestEtoSkiaSharp.Gtk", "test\TestEtoSkiaSharp.Gtk\TestEtoSkiaSharp.Gtk.csproj", "{705AC413-6333-4AAC-B90D-D4D6B3623E37}"
EndProject
Global
	GlobalSection(SolutionConfigurationPlatforms) = preSolution
		Debug|Any CPU = Debug|Any CPU
		Release|Any CPU = Release|Any CPU
	EndGlobalSection
	GlobalSection(SolutionProperties) = preSolution
		HideSolutionNode = FALSE
	EndGlobalSection
	GlobalSection(ProjectConfigurationPlatforms) = postSolution
		{FD8D29B1-0641-43DC-A6A5-DFC00C962985}.Debug|Any CPU.ActiveCfg = Debug|Any CPU
		{FD8D29B1-0641-43DC-A6A5-DFC00C962985}.Debug|Any CPU.Build.0 = Debug|Any CPU
		{FD8D29B1-0641-43DC-A6A5-DFC00C962985}.Release|Any CPU.ActiveCfg = Release|Any CPU
		{FD8D29B1-0641-43DC-A6A5-DFC00C962985}.Release|Any CPU.Build.0 = Release|Any CPU
		{0BFDC652-73C9-4C44-9FCD-E76FACA1968F}.Debug|Any CPU.ActiveCfg = Debug|Any CPU
		{0BFDC652-73C9-4C44-9FCD-E76FACA1968F}.Debug|Any CPU.Build.0 = Debug|Any CPU
		{0BFDC652-73C9-4C44-9FCD-E76FACA1968F}.Release|Any CPU.ActiveCfg = Release|Any CPU
		{0BFDC652-73C9-4C44-9FCD-E76FACA1968F}.Release|Any CPU.Build.0 = Release|Any CPU
		{EA6B058B-E299-45D7-B188-4DD077EEC5C0}.Debug|Any CPU.ActiveCfg = Debug|Any CPU
		{EA6B058B-E299-45D7-B188-4DD077EEC5C0}.Debug|Any CPU.Build.0 = Debug|Any CPU
		{EA6B058B-E299-45D7-B188-4DD077EEC5C0}.Release|Any CPU.ActiveCfg = Release|Any CPU
		{EA6B058B-E299-45D7-B188-4DD077EEC5C0}.Release|Any CPU.Build.0 = Release|Any CPU
		{84C5C59E-A037-4F37-B717-5AFB656ACADC}.Debug|Any CPU.ActiveCfg = Debug|Any CPU
		{84C5C59E-A037-4F37-B717-5AFB656ACADC}.Debug|Any CPU.Build.0 = Debug|Any CPU
		{84C5C59E-A037-4F37-B717-5AFB656ACADC}.Release|Any CPU.ActiveCfg = Release|Any CPU
		{84C5C59E-A037-4F37-B717-5AFB656ACADC}.Release|Any CPU.Build.0 = Release|Any CPU
		{0ACDF831-E0D8-4F1A-A3A7-7B5BF943E0FC}.Debug|Any CPU.ActiveCfg = Debug|Any CPU
		{0ACDF831-E0D8-4F1A-A3A7-7B5BF943E0FC}.Debug|Any CPU.Build.0 = Debug|Any CPU
		{0ACDF831-E0D8-4F1A-A3A7-7B5BF943E0FC}.Release|Any CPU.ActiveCfg = Release|Any CPU
		{0ACDF831-E0D8-4F1A-A3A7-7B5BF943E0FC}.Release|Any CPU.Build.0 = Release|Any CPU
		{C7D9211C-DBE6-4E1D-9046-88080A78990D}.Debug|Any CPU.ActiveCfg = Debug|Any CPU
		{C7D9211C-DBE6-4E1D-9046-88080A78990D}.Debug|Any CPU.Build.0 = Debug|Any CPU
		{C7D9211C-DBE6-4E1D-9046-88080A78990D}.Release|Any CPU.ActiveCfg = Release|Any CPU
		{C7D9211C-DBE6-4E1D-9046-88080A78990D}.Release|Any CPU.Build.0 = Release|Any CPU
		{E291AA9D-D707-40F3-ADB5-219CCF8E4EC3}.Debug|Any CPU.ActiveCfg = Debug|Any CPU
		{E291AA9D-D707-40F3-ADB5-219CCF8E4EC3}.Debug|Any CPU.Build.0 = Debug|Any CPU
		{E291AA9D-D707-40F3-ADB5-219CCF8E4EC3}.Release|Any CPU.ActiveCfg = Release|Any CPU
		{E291AA9D-D707-40F3-ADB5-219CCF8E4EC3}.Release|Any CPU.Build.0 = Release|Any CPU
		{76ED01C7-1B1E-4D1B-9D8D-A7CCD5F80271}.Debug|Any CPU.ActiveCfg = Debug|Any CPU
		{76ED01C7-1B1E-4D1B-9D8D-A7CCD5F80271}.Debug|Any CPU.Build.0 = Debug|Any CPU
		{76ED01C7-1B1E-4D1B-9D8D-A7CCD5F80271}.Release|Any CPU.ActiveCfg = Release|Any CPU
		{76ED01C7-1B1E-4D1B-9D8D-A7CCD5F80271}.Release|Any CPU.Build.0 = Release|Any CPU
		{7FBD5F3D-7239-4943-9A60-8FFDB66D0E9E}.Debug|Any CPU.ActiveCfg = Debug|Any CPU
		{7FBD5F3D-7239-4943-9A60-8FFDB66D0E9E}.Debug|Any CPU.Build.0 = Debug|Any CPU
		{7FBD5F3D-7239-4943-9A60-8FFDB66D0E9E}.Release|Any CPU.ActiveCfg = Release|Any CPU
		{7FBD5F3D-7239-4943-9A60-8FFDB66D0E9E}.Release|Any CPU.Build.0 = Release|Any CPU
		{705AC413-6333-4AAC-B90D-D4D6B3623E37}.Debug|Any CPU.ActiveCfg = Debug|Any CPU
		{705AC413-6333-4AAC-B90D-D4D6B3623E37}.Debug|Any CPU.Build.0 = Debug|Any CPU
		{705AC413-6333-4AAC-B90D-D4D6B3623E37}.Release|Any CPU.ActiveCfg = Release|Any CPU
		{705AC413-6333-4AAC-B90D-D4D6B3623E37}.Release|Any CPU.Build.0 = Release|Any CPU
	EndGlobalSection
	GlobalSection(NestedProjects) = preSolution
		{FD8D29B1-0641-43DC-A6A5-DFC00C962985} = {4169665E-700D-436B-BCD9-A70F9E319BF6}
		{0BFDC652-73C9-4C44-9FCD-E76FACA1968F} = {4169665E-700D-436B-BCD9-A70F9E319BF6}
		{EA6B058B-E299-45D7-B188-4DD077EEC5C0} = {4169665E-700D-436B-BCD9-A70F9E319BF6}
		{84C5C59E-A037-4F37-B717-5AFB656ACADC} = {4169665E-700D-436B-BCD9-A70F9E319BF6}
		{0ACDF831-E0D8-4F1A-A3A7-7B5BF943E0FC} = {31436444-E193-4C53-87FC-4E927AC9B526}
		{C7D9211C-DBE6-4E1D-9046-88080A78990D} = {31436444-E193-4C53-87FC-4E927AC9B526}
		{E291AA9D-D707-40F3-ADB5-219CCF8E4EC3} = {31436444-E193-4C53-87FC-4E927AC9B526}
		{76ED01C7-1B1E-4D1B-9D8D-A7CCD5F80271} = {4169665E-700D-436B-BCD9-A70F9E319BF6}
		{7FBD5F3D-7239-4943-9A60-8FFDB66D0E9E} = {31436444-E193-4C53-87FC-4E927AC9B526}
		{705AC413-6333-4AAC-B90D-D4D6B3623E37} = {31436444-E193-4C53-87FC-4E927AC9B526}
	EndGlobalSection
EndGlobal
